
Microsoft Visual Studio Solution File, Format Version 12.00
# Visual Studio Version 17
VisualStudioVersion = 17.6.33829.357
MinimumVisualStudioVersion = 10.0.40219.1
Project("{FAE04EC0-301F-11D3-BF4B-00C04F79EFBC}") = "API_NOTICIAS", "API_NOTICIAS\API_NOTICIAS.csproj", "{571ECEA7-0BF8-4749-B138-84306E565965}"
EndProject
Global
	GlobalSection(SolutionConfigurationPlatforms) = preSolution
		Debug|Any CPU = Debug|Any CPU
		Release|Any CPU = Release|Any CPU
	EndGlobalSection
	GlobalSection(ProjectConfigurationPlatforms) = postSolution
		{571ECEA7-0BF8-4749-B138-84306E565965}.Debug|Any CPU.ActiveCfg = Debug|Any CPU
		{571ECEA7-0BF8-4749-B138-84306E565965}.Debug|Any CPU.Build.0 = Debug|Any CPU
		{571ECEA7-0BF8-4749-B138-84306E565965}.Release|Any CPU.ActiveCfg = Release|Any CPU
		{571ECEA7-0BF8-4749-B138-84306E565965}.Release|Any CPU.Build.0 = Release|Any CPU
	EndGlobalSection
	GlobalSection(SolutionProperties) = preSolution
		HideSolutionNode = FALSE
	EndGlobalSection
	GlobalSection(ExtensibilityGlobals) = postSolution
		SolutionGuid = {DFC85660-5CE5-4839-B289-8078A1D84880}
	EndGlobalSection
EndGlobal
